
Microsoft Visual Studio Solution File, Format Version 12.00
# Visual Studio Version 17
VisualStudioVersion = 17.11.35208.52
MinimumVisualStudioVersion = 10.0.40219.1
Project("{FAE04EC0-301F-11D3-BF4B-00C04F79EFBC}") = "Biokudi-Backend", "Biokudi-Backend.csproj", "{95EF73BB-2894-457E-8FDE-F9A36DEBB309}"
EndProject
Global
	GlobalSection(SolutionConfigurationPlatforms) = preSolution
		Debug|Any CPU = Debug|Any CPU
		Release|Any CPU = Release|Any CPU
	EndGlobalSection
	GlobalSection(ProjectConfigurationPlatforms) = postSolution
		{95EF73BB-2894-457E-8FDE-F9A36DEBB309}.Debug|Any CPU.ActiveCfg = Debug|Any CPU
		{95EF73BB-2894-457E-8FDE-F9A36DEBB309}.Debug|Any CPU.Build.0 = Debug|Any CPU
		{95EF73BB-2894-457E-8FDE-F9A36DEBB309}.Release|Any CPU.ActiveCfg = Release|Any CPU
		{95EF73BB-2894-457E-8FDE-F9A36DEBB309}.Release|Any CPU.Build.0 = Release|Any CPU
	EndGlobalSection
	GlobalSection(SolutionProperties) = preSolution
		HideSolutionNode = FALSE
	EndGlobalSection
	GlobalSection(ExtensibilityGlobals) = postSolution
		SolutionGuid = {B2004CBF-4A80-4C71-8A6B-DC4F5E94084F}
	EndGlobalSection
EndGlobal
